// !$*UTF8*$!
{
	archiveVersion = 1;
	classes = {
	};
	objectVersion = 48;
	objects = {

/* Begin PBXBuildFile section */
		014C2FB3202FAC13005B7C7A /* AppDelegate.swift in Sources */ = {isa = PBXBuildFile; fileRef = 014C2FB2202FAC13005B7C7A /* AppDelegate.swift */; };
		014C2FB5202FAC13005B7C7A /* ViewController.swift in Sources */ = {isa = PBXBuildFile; fileRef = 014C2FB4202FAC13005B7C7A /* ViewController.swift */; };
		014C2FB8202FAC13005B7C7A /* Main.storyboard in Resources */ = {isa = PBXBuildFile; fileRef = 014C2FB6202FAC13005B7C7A /* Main.storyboard */; };
		014C2FBA202FAC13005B7C7A /* Assets.xcassets in Resources */ = {isa = PBXBuildFile; fileRef = 014C2FB9202FAC13005B7C7A /* Assets.xcassets */; };
		014C2FBD202FAC13005B7C7A /* LaunchScreen.storyboard in Resources */ = {isa = PBXBuildFile; fileRef = 014C2FBB202FAC13005B7C7A /* LaunchScreen.storyboard */; };
		014C2FC8202FAC14005B7C7A /* BinaryConverterTests.swift in Sources */ = {isa = PBXBuildFile; fileRef = 014C2FC7202FAC14005B7C7A /* BinaryConverterTests.swift */; };
		014C2FD3202FAC14005B7C7A /* BinaryConverterUITests.swift in Sources */ = {isa = PBXBuildFile; fileRef = 014C2FD2202FAC14005B7C7A /* BinaryConverterUITests.swift */; };
/* End PBXBuildFile section */

/* Begin PBXContainerItemProxy section */
		014C2FC4202FAC14005B7C7A /* PBXContainerItemProxy */ = {
			isa = PBXContainerItemProxy;
			containerPortal = 014C2FA7202FAC13005B7C7A /* Project object */;
			proxyType = 1;
			remoteGlobalIDString = 014C2FAE202FAC13005B7C7A;
			remoteInfo = BinaryConverter;
		};
		014C2FCF202FAC14005B7C7A /* PBXContainerItemProxy */ = {
			isa = PBXContainerItemProxy;
			containerPortal = 014C2FA7202FAC13005B7C7A /* Project object */;
			proxyType = 1;
			remoteGlobalIDString = 014C2FAE202FAC13005B7C7A;
			remoteInfo = BinaryConverter;
		};
/* End PBXContainerItemProxy section */

/* Begin PBXFileReference section */
		014C2FAF202FAC13005B7C7A /* BinaryConverter.app */ = {isa = PBXFileReference; explicitFileType = wrapper.application; includeInIndex = 0; path = BinaryConverter.app; sourceTree = BUILT_PRODUCTS_DIR; };
		014C2FB2202FAC13005B7C7A /* AppDelegate.swift */ = {isa = PBXFileReference; lastKnownFileType = sourcecode.swift; path = AppDelegate.swift; sourceTree = "<group>"; };
		014C2FB4202FAC13005B7C7A /* ViewController.swift */ = {isa = PBXFileReference; lastKnownFileType = sourcecode.swift; path = ViewController.swift; sourceTree = "<group>"; };
		014C2FB7202FAC13005B7C7A /* Base */ = {isa = PBXFileReference; lastKnownFileType = file.storyboard; name = Base; path = Base.lproj/Main.storyboard; sourceTree = "<group>"; };
		014C2FB9202FAC13005B7C7A /* Assets.xcassets */ = {isa = PBXFileReference; lastKnownFileType = folder.assetcatalog; path = Assets.xcassets; sourceTree = "<group>"; };
		014C2FBC202FAC13005B7C7A /* Base */ = {isa = PBXFileReference; lastKnownFileType = file.storyboard; name = Base; path = Base.lproj/LaunchScreen.storyboard; sourceTree = "<group>"; };
		014C2FBE202FAC13005B7C7A /* Info.plist */ = {isa = PBXFileReference; lastKnownFileType = text.plist.xml; path = Info.plist; sourceTree = "<group>"; };
		014C2FC3202FAC14005B7C7A /* BinaryConverterTests.xctest */ = {isa = PBXFileReference; explicitFileType = wrapper.cfbundle; includeInIndex = 0; path = BinaryConverterTests.xctest; sourceTree = BUILT_PRODUCTS_DIR; };
		014C2FC7202FAC14005B7C7A /* BinaryConverterTests.swift */ = {isa = PBXFileReference; lastKnownFileType = sourcecode.swift; path = BinaryConverterTests.swift; sourceTree = "<group>"; };
		014C2FC9202FAC14005B7C7A /* Info.plist */ = {isa = PBXFileReference; lastKnownFileType = text.plist.xml; path = Info.plist; sourceTree = "<group>"; };
		014C2FCE202FAC14005B7C7A /* BinaryConverterUITests.xctest */ = {isa = PBXFileReference; explicitFileType = wrapper.cfbundle; includeInIndex = 0; path = BinaryConverterUITests.xctest; sourceTree = BUILT_PRODUCTS_DIR; };
		014C2FD2202FAC14005B7C7A /* BinaryConverterUITests.swift */ = {isa = PBXFileReference; lastKnownFileType = sourcecode.swift; path = BinaryConverterUITests.swift; sourceTree = "<group>"; };
		014C2FD4202FAC14005B7C7A /* Info.plist */ = {isa = PBXFileReference; lastKnownFileType = text.plist.xml; path = Info.plist; sourceTree = "<group>"; };
/* End PBXFileReference section */

/* Begin PBXFrameworksBuildPhase section */
		014C2FAC202FAC13005B7C7A /* Frameworks */ = {
			isa = PBXFrameworksBuildPhase;
			buildActionMask = 2147483647;
			files = (
			);
			runOnlyForDeploymentPostprocessing = 0;
		};
		014C2FC0202FAC14005B7C7A /* Frameworks */ = {
			isa = PBXFrameworksBuildPhase;
			buildActionMask = 2147483647;
			files = (
			);
			runOnlyForDeploymentPostprocessing = 0;
		};
		014C2FCB202FAC14005B7C7A /* Frameworks */ = {
			isa = PBXFrameworksBuildPhase;
			buildActionMask = 2147483647;
			files = (
			);
			runOnlyForDeploymentPostprocessing = 0;
		};
/* End PBXFrameworksBuildPhase section */

/* Begin PBXGroup section */
		014C2FA6202FAC13005B7C7A = {
			isa = PBXGroup;
			children = (
				014C2FB1202FAC13005B7C7A /* BinaryConverter */,
				014C2FC6202FAC14005B7C7A /* BinaryConverterTests */,
				014C2FD1202FAC14005B7C7A /* BinaryConverterUITests */,
				014C2FB0202FAC13005B7C7A /* Products */,
			);
			sourceTree = "<group>";
		};
		014C2FB0202FAC13005B7C7A /* Products */ = {
			isa = PBXGroup;
			children = (
				014C2FAF202FAC13005B7C7A /* BinaryConverter.app */,
				014C2FC3202FAC14005B7C7A /* BinaryConverterTests.xctest */,
				014C2FCE202FAC14005B7C7A /* BinaryConverterUITests.xctest */,
			);
			name = Products;
			sourceTree = "<group>";
		};
		014C2FB1202FAC13005B7C7A /* BinaryConverter */ = {
			isa = PBXGroup;
			children = (
				014C2FB2202FAC13005B7C7A /* AppDelegate.swift */,
				014C2FB4202FAC13005B7C7A /* ViewController.swift */,
				014C2FB6202FAC13005B7C7A /* Main.storyboard */,
				014C2FB9202FAC13005B7C7A /* Assets.xcassets */,
				014C2FBB202FAC13005B7C7A /* LaunchScreen.storyboard */,
				014C2FBE202FAC13005B7C7A /* Info.plist */,
			);
			path = BinaryConverter;
			sourceTree = "<group>";
		};
		014C2FC6202FAC14005B7C7A /* BinaryConverterTests */ = {
			isa = PBXGroup;
			children = (
				014C2FC7202FAC14005B7C7A /* BinaryConverterTests.swift */,
				014C2FC9202FAC14005B7C7A /* Info.plist */,
			);
			path = BinaryConverterTests;
			sourceTree = "<group>";
		};
		014C2FD1202FAC14005B7C7A /* BinaryConverterUITests */ = {
			isa = PBXGroup;
			children = (
				014C2FD2202FAC14005B7C7A /* BinaryConverterUITests.swift */,
				014C2FD4202FAC14005B7C7A /* Info.plist */,
			);
			path = BinaryConverterUITests;
			sourceTree = "<group>";
		};
/* End PBXGroup section */

/* Begin PBXNativeTarget section */
		014C2FAE202FAC13005B7C7A /* BinaryConverter */ = {
			isa = PBXNativeTarget;
			buildConfigurationList = 014C2FD7202FAC14005B7C7A /* Build configuration list for PBXNativeTarget "BinaryConverter" */;
			buildPhases = (
				014C2FAB202FAC13005B7C7A /* Sources */,
				014C2FAC202FAC13005B7C7A /* Frameworks */,
				014C2FAD202FAC13005B7C7A /* Resources */,
			);
			buildRules = (
			);
			dependencies = (
			);
			name = BinaryConverter;
			productName = BinaryConverter;
			productReference = 014C2FAF202FAC13005B7C7A /* BinaryConverter.app */;
			productType = "com.apple.product-type.application";
		};
		014C2FC2202FAC14005B7C7A /* BinaryConverterTests */ = {
			isa = PBXNativeTarget;
			buildConfigurationList = 014C2FDA202FAC14005B7C7A /* Build configuration list for PBXNativeTarget "BinaryConverterTests" */;
			buildPhases = (
				014C2FBF202FAC14005B7C7A /* Sources */,
				014C2FC0202FAC14005B7C7A /* Frameworks */,
				014C2FC1202FAC14005B7C7A /* Resources */,
			);
			buildRules = (
			);
			dependencies = (
				014C2FC5202FAC14005B7C7A /* PBXTargetDependency */,
			);
			name = BinaryConverterTests;
			productName = BinaryConverterTests;
			productReference = 014C2FC3202FAC14005B7C7A /* BinaryConverterTests.xctest */;
			productType = "com.apple.product-type.bundle.unit-test";
		};
		014C2FCD202FAC14005B7C7A /* BinaryConverterUITests */ = {
			isa = PBXNativeTarget;
			buildConfigurationList = 014C2FDD202FAC14005B7C7A /* Build configuration list for PBXNativeTarget "BinaryConverterUITests" */;
			buildPhases = (
				014C2FCA202FAC14005B7C7A /* Sources */,
				014C2FCB202FAC14005B7C7A /* Frameworks */,
				014C2FCC202FAC14005B7C7A /* Resources */,
			);
			buildRules = (
			);
			dependencies = (
				014C2FD0202FAC14005B7C7A /* PBXTargetDependency */,
			);
			name = BinaryConverterUITests;
			productName = BinaryConverterUITests;
			productReference = 014C2FCE202FAC14005B7C7A /* BinaryConverterUITests.xctest */;
			productType = "com.apple.product-type.bundle.ui-testing";
		};
/* End PBXNativeTarget section */

/* Begin PBXProject section */
		014C2FA7202FAC13005B7C7A /* Project object */ = {
			isa = PBXProject;
			attributes = {
				LastSwiftUpdateCheck = 0920;
				LastUpgradeCheck = 0920;
				ORGANIZATIONNAME = "Nicholas Virag Jr.";
				TargetAttributes = {
					014C2FAE202FAC13005B7C7A = {
						CreatedOnToolsVersion = 9.2;
						ProvisioningStyle = Automatic;
					};
					014C2FC2202FAC14005B7C7A = {
						CreatedOnToolsVersion = 9.2;
						ProvisioningStyle = Automatic;
						TestTargetID = 014C2FAE202FAC13005B7C7A;
					};
					014C2FCD202FAC14005B7C7A = {
						CreatedOnToolsVersion = 9.2;
						ProvisioningStyle = Automatic;
						TestTargetID = 014C2FAE202FAC13005B7C7A;
					};
				};
			};
			buildConfigurationList = 014C2FAA202FAC13005B7C7A /* Build configuration list for PBXProject "BinaryConverter" */;
			compatibilityVersion = "Xcode 8.0";
			developmentRegion = en;
			hasScannedForEncodings = 0;
			knownRegions = (
				en,
				Base,
			);
			mainGroup = 014C2FA6202FAC13005B7C7A;
			productRefGroup = 014C2FB0202FAC13005B7C7A /* Products */;
			projectDirPath = "";
			projectRoot = "";
			targets = (
				014C2FAE202FAC13005B7C7A /* BinaryConverter */,
				014C2FC2202FAC14005B7C7A /* BinaryConverterTests */,
				014C2FCD202FAC14005B7C7A /* BinaryConverterUITests */,
			);
		};
/* End PBXProject section */

/* Begin PBXResourcesBuildPhase section */
		014C2FAD202FAC13005B7C7A /* Resources */ = {
			isa = PBXResourcesBuildPhase;
			buildActionMask = 2147483647;
			files = (
				014C2FBD202FAC13005B7C7A /* LaunchScreen.storyboard in Resources */,
				014C2FBA202FAC13005B7C7A /* Assets.xcassets in Resources */,
				014C2FB8202FAC13005B7C7A /* Main.storyboard in Resources */,
			);
			runOnlyForDeploymentPostprocessing = 0;
		};
		014C2FC1202FAC14005B7C7A /* Resources */ = {
			isa = PBXResourcesBuildPhase;
			buildActionMask = 2147483647;
			files = (
			);
			runOnlyForDeploymentPostprocessing = 0;
		};
		014C2FCC202FAC14005B7C7A /* Resources */ = {
			isa = PBXResourcesBuildPhase;
			buildActionMask = 2147483647;
			files = (
			);
			runOnlyForDeploymentPostprocessing = 0;
		};
/* End PBXResourcesBuildPhase section */

/* Begin PBXSourcesBuildPhase section */
		014C2FAB202FAC13005B7C7A /* Sources */ = {
			isa = PBXSourcesBuildPhase;
			buildActionMask = 2147483647;
			files = (
				014C2FB5202FAC13005B7C7A /* ViewController.swift in Sources */,
				014C2FB3202FAC13005B7C7A /* AppDelegate.swift in Sources */,
			);
			runOnlyForDeploymentPostprocessing = 0;
		};
		014C2FBF202FAC14005B7C7A /* Sources */ = {
			isa = PBXSourcesBuildPhase;
			buildActionMask = 2147483647;
			files = (
				014C2FC8202FAC14005B7C7A /* BinaryConverterTests.swift in Sources */,
			);
			runOnlyForDeploymentPostprocessing = 0;
		};
		014C2FCA202FAC14005B7C7A /* Sources */ = {
			isa = PBXSourcesBuildPhase;
			buildActionMask = 2147483647;
			files = (
				014C2FD3202FAC14005B7C7A /* BinaryConverterUITests.swift in Sources */,
			);
			runOnlyForDeploymentPostprocessing = 0;
		};
/* End PBXSourcesBuildPhase section */

/* Begin PBXTargetDependency section */
		014C2FC5202FAC14005B7C7A /* PBXTargetDependency */ = {
			isa = PBXTargetDependency;
			target = 014C2FAE202FAC13005B7C7A /* BinaryConverter */;
			targetProxy = 014C2FC4202FAC14005B7C7A /* PBXContainerItemProxy */;
		};
		014C2FD0202FAC14005B7C7A /* PBXTargetDependency */ = {
			isa = PBXTargetDependency;
			target = 014C2FAE202FAC13005B7C7A /* BinaryConverter */;
			targetProxy = 014C2FCF202FAC14005B7C7A /* PBXContainerItemProxy */;
		};
/* End PBXTargetDependency section */

/* Begin PBXVariantGroup section */
		014C2FB6202FAC13005B7C7A /* Main.storyboard */ = {
			isa = PBXVariantGroup;
			children = (
				014C2FB7202FAC13005B7C7A /* Base */,
			);
			name = Main.storyboard;
			sourceTree = "<group>";
		};
		014C2FBB202FAC13005B7C7A /* LaunchScreen.storyboard */ = {
			isa = PBXVariantGroup;
			children = (
				014C2FBC202FAC13005B7C7A /* Base */,
			);
			name = LaunchScreen.storyboard;
			sourceTree = "<group>";
		};
/* End PBXVariantGroup section */

/* Begin XCBuildConfiguration section */
		014C2FD5202FAC14005B7C7A /* Debug */ = {
			isa = XCBuildConfiguration;
			buildSettings = {
				ALWAYS_SEARCH_USER_PATHS = NO;
				CLANG_ANALYZER_NONNULL = YES;
				CLANG_ANALYZER_NUMBER_OBJECT_CONVERSION = YES_AGGRESSIVE;
				CLANG_CXX_LANGUAGE_STANDARD = "gnu++14";
				CLANG_CXX_LIBRARY = "libc++";
				CLANG_ENABLE_MODULES = YES;
				CLANG_ENABLE_OBJC_ARC = YES;
				CLANG_WARN_BLOCK_CAPTURE_AUTORELEASING = YES;
				CLANG_WARN_BOOL_CONVERSION = YES;
				CLANG_WARN_COMMA = YES;
				CLANG_WARN_CONSTANT_CONVERSION = YES;
				CLANG_WARN_DIRECT_OBJC_ISA_USAGE = YES_ERROR;
				CLANG_WARN_DOCUMENTATION_COMMENTS = YES;
				CLANG_WARN_EMPTY_BODY = YES;
				CLANG_WARN_ENUM_CONVERSION = YES;
				CLANG_WARN_INFINITE_RECURSION = YES;
				CLANG_WARN_INT_CONVERSION = YES;
				CLANG_WARN_NON_LITERAL_NULL_CONVERSION = YES;
				CLANG_WARN_OBJC_LITERAL_CONVERSION = YES;
				CLANG_WARN_OBJC_ROOT_CLASS = YES_ERROR;
				CLANG_WARN_RANGE_LOOP_ANALYSIS = YES;
				CLANG_WARN_STRICT_PROTOTYPES = YES;
				CLANG_WARN_SUSPICIOUS_MOVE = YES;
				CLANG_WARN_UNGUARDED_AVAILABILITY = YES_AGGRESSIVE;
				CLANG_WARN_UNREACHABLE_CODE = YES;
				CLANG_WARN__DUPLICATE_METHOD_MATCH = YES;
				CODE_SIGN_IDENTITY = "iPhone Developer";
				COPY_PHASE_STRIP = NO;
				DEBUG_INFORMATION_FORMAT = dwarf;
				ENABLE_STRICT_OBJC_MSGSEND = YES;
				ENABLE_TESTABILITY = YES;
				GCC_C_LANGUAGE_STANDARD = gnu11;
				GCC_DYNAMIC_NO_PIC = NO;
				GCC_NO_COMMON_BLOCKS = YES;
				GCC_OPTIMIZATION_LEVEL = 0;
				GCC_PREPROCESSOR_DEFINITIONS = (
					"DEBUG=1",
					"$(inherited)",
				);
				GCC_WARN_64_TO_32_BIT_CONVERSION = YES;
				GCC_WARN_ABOUT_RETURN_TYPE = YES_ERROR;
				GCC_WARN_UNDECLARED_SELECTOR = YES;
				GCC_WARN_UNINITIALIZED_AUTOS = YES_AGGRESSIVE;
				GCC_WARN_UNUSED_FUNCTION = YES;
				GCC_WARN_UNUSED_VARIABLE = YES;
				IPHONEOS_DEPLOYMENT_TARGET = 11.2;
				MTL_ENABLE_DEBUG_INFO = YES;
				ONLY_ACTIVE_ARCH = YES;
				SDKROOT = iphoneos;
				SWIFT_ACTIVE_COMPILATION_CONDITIONS = DEBUG;
				SWIFT_OPTIMIZATION_LEVEL = "-Onone";
			};
			name = Debug;
		};
		014C2FD6202FAC14005B7C7A /* Release */ = {
			isa = XCBuildConfiguration;
			buildSettings = {
				ALWAYS_SEARCH_USER_PATHS = NO;
				CLANG_ANALYZER_NONNULL = YES;
				CLANG_ANALYZER_NUMBER_OBJECT_CONVERSION = YES_AGGRESSIVE;
				CLANG_CXX_LANGUAGE_STANDARD = "gnu++14";
				CLANG_CXX_LIBRARY = "libc++";
				CLANG_ENABLE_MODULES = YES;
				CLANG_ENABLE_OBJC_ARC = YES;
				CLANG_WARN_BLOCK_CAPTURE_AUTORELEASING = YES;
				CLANG_WARN_BOOL_CONVERSION = YES;
				CLANG_WARN_COMMA = YES;
				CLANG_WARN_CONSTANT_CONVERSION = YES;
				CLANG_WARN_DIRECT_OBJC_ISA_USAGE = YES_ERROR;
				CLANG_WARN_DOCUMENTATION_COMMENTS = YES;
				CLANG_WARN_EMPTY_BODY = YES;
				CLANG_WARN_ENUM_CONVERSION = YES;
				CLANG_WARN_INFINITE_RECURSION = YES;
				CLANG_WARN_INT_CONVERSION = YES;
				CLANG_WARN_NON_LITERAL_NULL_CONVERSION = YES;
				CLANG_WARN_OBJC_LITERAL_CONVERSION = YES;
				CLANG_WARN_OBJC_ROOT_CLASS = YES_ERROR;
				CLANG_WARN_RANGE_LOOP_ANALYSIS = YES;
				CLANG_WARN_STRICT_PROTOTYPES = YES;
				CLANG_WARN_SUSPICIOUS_MOVE = YES;
				CLANG_WARN_UNGUARDED_AVAILABILITY = YES_AGGRESSIVE;
				CLANG_WARN_UNREACHABLE_CODE = YES;
				CLANG_WARN__DUPLICATE_METHOD_MATCH = YES;
				CODE_SIGN_IDENTITY = "iPhone Developer";
				COPY_PHASE_STRIP = NO;
				DEBUG_INFORMATION_FORMAT = "dwarf-with-dsym";
				ENABLE_NS_ASSERTIONS = NO;
				ENABLE_STRICT_OBJC_MSGSEND = YES;
				GCC_C_LANGUAGE_STANDARD = gnu11;
				GCC_NO_COMMON_BLOCKS = YES;
				GCC_WARN_64_TO_32_BIT_CONVERSION = YES;
				GCC_WARN_ABOUT_RETURN_TYPE = YES_ERROR;
				GCC_WARN_UNDECLARED_SELECTOR = YES;
				GCC_WARN_UNINITIALIZED_AUTOS = YES_AGGRESSIVE;
				GCC_WARN_UNUSED_FUNCTION = YES;
				GCC_WARN_UNUSED_VARIABLE = YES;
				IPHONEOS_DEPLOYMENT_TARGET = 11.2;
				MTL_ENABLE_DEBUG_INFO = NO;
				SDKROOT = iphoneos;
				SWIFT_OPTIMIZATION_LEVEL = "-Owholemodule";
				VALIDATE_PRODUCT = YES;
			};
			name = Release;
		};
		014C2FD8202FAC14005B7C7A /* Debug */ = {
			isa = XCBuildConfiguration;
			buildSettings = {
				ASSETCATALOG_COMPILER_APPICON_NAME = AppIcon;
				CODE_SIGN_STYLE = Automatic;
				DEVELOPMENT_TEAM = 898368KUL3;
				INFOPLIST_FILE = BinaryConverter/Info.plist;
				LD_RUNPATH_SEARCH_PATHS = "$(inherited) @executable_path/Frameworks";
				PRODUCT_BUNDLE_IDENTIFIER = com.nickvirag.BinaryConverter;
				PRODUCT_NAME = "$(TARGET_NAME)";
				SWIFT_VERSION = 4.0;
				TARGETED_DEVICE_FAMILY = "1,2";
			};
			name = Debug;
		};
		014C2FD9202FAC14005B7C7A /* Release */ = {
			isa = XCBuildConfiguration;
			buildSettings = {
				ASSETCATALOG_COMPILER_APPICON_NAME = AppIcon;
				CODE_SIGN_STYLE = Automatic;
				DEVELOPMENT_TEAM = 898368KUL3;
				INFOPLIST_FILE = BinaryConverter/Info.plist;
				LD_RUNPATH_SEARCH_PATHS = "$(inherited) @executable_path/Frameworks";
				PRODUCT_BUNDLE_IDENTIFIER = com.nickvirag.BinaryConverter;
				PRODUCT_NAME = "$(TARGET_NAME)";
				SWIFT_VERSION = 4.0;
				TARGETED_DEVICE_FAMILY = "1,2";
			};
			name = Release;
		};
		014C2FDB202FAC14005B7C7A /* Debug */ = {
			isa = XCBuildConfiguration;
			buildSettings = {
				ALWAYS_EMBED_SWIFT_STANDARD_LIBRARIES = YES;
				BUNDLE_LOADER = "$(TEST_HOST)";
				CODE_SIGN_STYLE = Automatic;
				DEVELOPMENT_TEAM = 898368KUL3;
				INFOPLIST_FILE = BinaryConverterTests/Info.plist;
				LD_RUNPATH_SEARCH_PATHS = "$(inherited) @executable_path/Frameworks @loader_path/Frameworks";
				PRODUCT_BUNDLE_IDENTIFIER = com.nickvirag.BinaryConverterTests;
				PRODUCT_NAME = "$(TARGET_NAME)";
				SWIFT_VERSION = 4.0;
				TARGETED_DEVICE_FAMILY = "1,2";
				TEST_HOST = "$(BUILT_PRODUCTS_DIR)/BinaryConverter.app/BinaryConverter";
			};
			name = Debug;
		};
		014C2FDC202FAC14005B7C7A /* Release */ = {
			isa = XCBuildConfiguration;
			buildSettings = {
				ALWAYS_EMBED_SWIFT_STANDARD_LIBRARIES = YES;
				BUNDLE_LOADER = "$(TEST_HOST)";
				CODE_SIGN_STYLE = Automatic;
				DEVELOPMENT_TEAM = 898368KUL3;
				INFOPLIST_FILE = BinaryConverterTests/Info.plist;
				LD_RUNPATH_SEARCH_PATHS = "$(inherited) @executable_path/Frameworks @loader_path/Frameworks";
				PRODUCT_BUNDLE_IDENTIFIER = com.nickvirag.BinaryConverterTests;
				PRODUCT_NAME = "$(TARGET_NAME)";
				SWIFT_VERSION = 4.0;
				TARGETED_DEVICE_FAMILY = "1,2";
				TEST_HOST = "$(BUILT_PRODUCTS_DIR)/BinaryConverter.app/BinaryConverter";
			};
			name = Release;
		};
		014C2FDE202FAC14005B7C7A /* Debug */ = {
			isa = XCBuildConfiguration;
			buildSettings = {
				ALWAYS_EMBED_SWIFT_STANDARD_LIBRARIES = YES;
				CODE_SIGN_STYLE = Automatic;
				DEVELOPMENT_TEAM = 898368KUL3;
				INFOPLIST_FILE = BinaryConverterUITests/Info.plist;
				LD_RUNPATH_SEARCH_PATHS = "$(inherited) @executable_path/Frameworks @loader_path/Frameworks";
				PRODUCT_BUNDLE_IDENTIFIER = com.nickvirag.BinaryConverterUITests;
				PRODUCT_NAME = "$(TARGET_NAME)";
				SWIFT_VERSION = 4.0;
				TARGETED_DEVICE_FAMILY = "1,2";
				TEST_TARGET_NAME = BinaryConverter;
			};
			name = Debug;
		};
		014C2FDF202FAC14005B7C7A /* Release */ = {
			isa = XCBuildConfiguration;
			buildSettings = {
				ALWAYS_EMBED_SWIFT_STANDARD_LIBRARIES = YES;
				CODE_SIGN_STYLE = Automatic;
				DEVELOPMENT_TEAM = 898368KUL3;
				INFOPLIST_FILE = BinaryConverterUITests/Info.plist;
				LD_RUNPATH_SEARCH_PATHS = "$(inherited) @executable_path/Frameworks @loader_path/Frameworks";
				PRODUCT_BUNDLE_IDENTIFIER = com.nickvirag.BinaryConverterUITests;
				PRODUCT_NAME = "$(TARGET_NAME)";
				SWIFT_VERSION = 4.0;
				TARGETED_DEVICE_FAMILY = "1,2";
				TEST_TARGET_NAME = BinaryConverter;
			};
			name = Release;
		};
/* End XCBuildConfiguration section */

/* Begin XCConfigurationList section */
		014C2FAA202FAC13005B7C7A /* Build configuration list for PBXProject "BinaryConverter" */ = {
			isa = XCConfigurationList;
			buildConfigurations = (
				014C2FD5202FAC14005B7C7A /* Debug */,
				014C2FD6202FAC14005B7C7A /* Release */,
			);
			defaultConfigurationIsVisible = 0;
			defaultConfigurationName = Release;
		};
		014C2FD7202FAC14005B7C7A /* Build configuration list for PBXNativeTarget "BinaryConverter" */ = {
			isa = XCConfigurationList;
			buildConfigurations = (
				014C2FD8202FAC14005B7C7A /* Debug */,
				014C2FD9202FAC14005B7C7A /* Release */,
			);
			defaultConfigurationIsVisible = 0;
			defaultConfigurationName = Release;
		};
		014C2FDA202FAC14005B7C7A /* Build configuration list for PBXNativeTarget "BinaryConverterTests" */ = {
			isa = XCConfigurationList;
			buildConfigurations = (
				014C2FDB202FAC14005B7C7A /* Debug */,
				014C2FDC202FAC14005B7C7A /* Release */,
			);
			defaultConfigurationIsVisible = 0;
			defaultConfigurationName = Release;
		};
		014C2FDD202FAC14005B7C7A /* Build configuration list for PBXNativeTarget "BinaryConverterUITests" */ = {
			isa = XCConfigurationList;
			buildConfigurations = (
				014C2FDE202FAC14005B7C7A /* Debug */,
				014C2FDF202FAC14005B7C7A /* Release */,
			);
			defaultConfigurationIsVisible = 0;
			defaultConfigurationName = Release;
		};
/* End XCConfigurationList section */
	};
	rootObject = 014C2FA7202FAC13005B7C7A /* Project object */;
}
